
Microsoft Visual Studio Solution File, Format Version 12.00
# Visual Studio Version 17
VisualStudioVersion = 17.0.31815.197
MinimumVisualStudioVersion = 10.0.40219.1
Project("{2150E333-8FDC-42A3-9474-1A3956D46DE8}") = "tool", "tool", "{E710FFB6-BC9A-4B2F-8D89-B5360E5F85CA}"
EndProject
Project("{2150E333-8FDC-42A3-9474-1A3956D46DE8}") = "libs", "libs", "{1CBD2016-496B-416C-B133-FB93F4AFF560}"
EndProject
Project("{2150E333-8FDC-42A3-9474-1A3956D46DE8}") = "src", "src", "{946F2A30-C58D-4324-8917-3E241FEDCA6D}"
EndProject
Project("{9A19103F-16F7-4668-BE54-9A1E7A4F7556}") = "libfsm", "libs\libfsm\libfsm.csproj", "{D57B52B5-BFDA-41EF-83D9-A48882BF1505}"
EndProject
Project("{9A19103F-16F7-4668-BE54-9A1E7A4F7556}") = "libgraph", "libs\libgraph\libgraph.csproj", "{157DF37D-29CD-418E-97F3-8ECCA68260F1}"
EndProject
Project("{9A19103F-16F7-4668-BE54-9A1E7A4F7556}") = "librule", "libs\librule\librule.csproj", "{38D7A851-0FF1-4CF8-8389-51B9A05AFD21}"
EndProject
Project("{9A19103F-16F7-4668-BE54-9A1E7A4F7556}") = "dsl.builder", "tool\dsl.builder\dsl.builder.csproj", "{0E534E5A-9986-44B7-8F2E-A5C6AE149D33}"
EndProject
Project("{9A19103F-16F7-4668-BE54-9A1E7A4F7556}") = "libflow", "libs\libflow\libflow.csproj", "{1AA3F7EB-0FC5-446D-BEFD-B10FEB749754}"
EndProject
Global
	GlobalSection(SolutionConfigurationPlatforms) = preSolution
		Debug|Any CPU = Debug|Any CPU
		Debug|x64 = Debug|x64
		Debug|x86 = Debug|x86
		Release|Any CPU = Release|Any CPU
		Release|x64 = Release|x64
		Release|x86 = Release|x86
	EndGlobalSection
	GlobalSection(ProjectConfigurationPlatforms) = postSolution
		{D57B52B5-BFDA-41EF-83D9-A48882BF1505}.Debug|Any CPU.ActiveCfg = Debug|Any CPU
		{D57B52B5-BFDA-41EF-83D9-A48882BF1505}.Debug|Any CPU.Build.0 = Debug|Any CPU
		{D57B52B5-BFDA-41EF-83D9-A48882BF1505}.Debug|x64.ActiveCfg = Debug|Any CPU
		{D57B52B5-BFDA-41EF-83D9-A48882BF1505}.Debug|x64.Build.0 = Debug|Any CPU
		{D57B52B5-BFDA-41EF-83D9-A48882BF1505}.Debug|x86.ActiveCfg = Debug|Any CPU
		{D57B52B5-BFDA-41EF-83D9-A48882BF1505}.Debug|x86.Build.0 = Debug|Any CPU
		{D57B52B5-BFDA-41EF-83D9-A48882BF1505}.Release|Any CPU.ActiveCfg = Release|Any CPU
		{D57B52B5-BFDA-41EF-83D9-A48882BF1505}.Release|Any CPU.Build.0 = Release|Any CPU
		{D57B52B5-BFDA-41EF-83D9-A48882BF1505}.Release|x64.ActiveCfg = Release|Any CPU
		{D57B52B5-BFDA-41EF-83D9-A48882BF1505}.Release|x64.Build.0 = Release|Any CPU
		{D57B52B5-BFDA-41EF-83D9-A48882BF1505}.Release|x86.ActiveCfg = Release|Any CPU
		{D57B52B5-BFDA-41EF-83D9-A48882BF1505}.Release|x86.Build.0 = Release|Any CPU
		{157DF37D-29CD-418E-97F3-8ECCA68260F1}.Debug|Any CPU.ActiveCfg = Debug|Any CPU
		{157DF37D-29CD-418E-97F3-8ECCA68260F1}.Debug|Any CPU.Build.0 = Debug|Any CPU
		{157DF37D-29CD-418E-97F3-8ECCA68260F1}.Debug|x64.ActiveCfg = Debug|Any CPU
		{157DF37D-29CD-418E-97F3-8ECCA68260F1}.Debug|x64.Build.0 = Debug|Any CPU
		{157DF37D-29CD-418E-97F3-8ECCA68260F1}.Debug|x86.ActiveCfg = Debug|Any CPU
		{157DF37D-29CD-418E-97F3-8ECCA68260F1}.Debug|x86.Build.0 = Debug|Any CPU
		{157DF37D-29CD-418E-97F3-8ECCA68260F1}.Release|Any CPU.ActiveCfg = Release|Any CPU
		{157DF37D-29CD-418E-97F3-8ECCA68260F1}.Release|Any CPU.Build.0 = Release|Any CPU
		{157DF37D-29CD-418E-97F3-8ECCA68260F1}.Release|x64.ActiveCfg = Release|Any CPU
		{157DF37D-29CD-418E-97F3-8ECCA68260F1}.Release|x64.Build.0 = Release|Any CPU
		{157DF37D-29CD-418E-97F3-8ECCA68260F1}.Release|x86.ActiveCfg = Release|Any CPU
		{157DF37D-29CD-418E-97F3-8ECCA68260F1}.Release|x86.Build.0 = Release|Any CPU
		{38D7A851-0FF1-4CF8-8389-51B9A05AFD21}.Debug|Any CPU.ActiveCfg = Debug|Any CPU
		{38D7A851-0FF1-4CF8-8389-51B9A05AFD21}.Debug|Any CPU.Build.0 = Debug|Any CPU
		{38D7A851-0FF1-4CF8-8389-51B9A05AFD21}.Debug|x64.ActiveCfg = Debug|Any CPU
		{38D7A851-0FF1-4CF8-8389-51B9A05AFD21}.Debug|x64.Build.0 = Debug|Any CPU
		{38D7A851-0FF1-4CF8-8389-51B9A05AFD21}.Debug|x86.ActiveCfg = Debug|Any CPU
		{38D7A851-0FF1-4CF8-8389-51B9A05AFD21}.Debug|x86.Build.0 = Debug|Any CPU
		{38D7A851-0FF1-4CF8-8389-51B9A05AFD21}.Release|Any CPU.ActiveCfg = Release|Any CPU
		{38D7A851-0FF1-4CF8-8389-51B9A05AFD21}.Release|Any CPU.Build.0 = Release|Any CPU
		{38D7A851-0FF1-4CF8-8389-51B9A05AFD21}.Release|x64.ActiveCfg = Release|Any CPU
		{38D7A851-0FF1-4CF8-8389-51B9A05AFD21}.Release|x64.Build.0 = Release|Any CPU
		{38D7A851-0FF1-4CF8-8389-51B9A05AFD21}.Release|x86.ActiveCfg = Release|Any CPU
		{38D7A851-0FF1-4CF8-8389-51B9A05AFD21}.Release|x86.Build.0 = Release|Any CPU
		{0E534E5A-9986-44B7-8F2E-A5C6AE149D33}.Debug|Any CPU.ActiveCfg = Debug|Any CPU
		{0E534E5A-9986-44B7-8F2E-A5C6AE149D33}.Debug|Any CPU.Build.0 = Debug|Any CPU
		{0E534E5A-9986-44B7-8F2E-A5C6AE149D33}.Debug|x64.ActiveCfg = Debug|Any CPU
		{0E534E5A-9986-44B7-8F2E-A5C6AE149D33}.Debug|x64.Build.0 = Debug|Any CPU
		{0E534E5A-9986-44B7-8F2E-A5C6AE149D33}.Debug|x86.ActiveCfg = Debug|Any CPU
		{0E534E5A-9986-44B7-8F2E-A5C6AE149D33}.Debug|x86.Build.0 = Debug|Any CPU
		{0E534E5A-9986-44B7-8F2E-A5C6AE149D33}.Release|Any CPU.ActiveCfg = Release|Any CPU
		{0E534E5A-9986-44B7-8F2E-A5C6AE149D33}.Release|Any CPU.Build.0 = Release|Any CPU
		{0E534E5A-9986-44B7-8F2E-A5C6AE149D33}.Release|x64.ActiveCfg = Release|Any CPU
		{0E534E5A-9986-44B7-8F2E-A5C6AE149D33}.Release|x64.Build.0 = Release|Any CPU
		{0E534E5A-9986-44B7-8F2E-A5C6AE149D33}.Release|x86.ActiveCfg = Release|Any CPU
		{0E534E5A-9986-44B7-8F2E-A5C6AE149D33}.Release|x86.Build.0 = Release|Any CPU
		{1AA3F7EB-0FC5-446D-BEFD-B10FEB749754}.Debug|Any CPU.ActiveCfg = Debug|Any CPU
		{1AA3F7EB-0FC5-446D-BEFD-B10FEB749754}.Debug|Any CPU.Build.0 = Debug|Any CPU
		{1AA3F7EB-0FC5-446D-BEFD-B10FEB749754}.Debug|x64.ActiveCfg = Debug|Any CPU
		{1AA3F7EB-0FC5-446D-BEFD-B10FEB749754}.Debug|x64.Build.0 = Debug|Any CPU
		{1AA3F7EB-0FC5-446D-BEFD-B10FEB749754}.Debug|x86.ActiveCfg = Debug|Any CPU
		{1AA3F7EB-0FC5-446D-BEFD-B10FEB749754}.Debug|x86.Build.0 = Debug|Any CPU
		{1AA3F7EB-0FC5-446D-BEFD-B10FEB749754}.Release|Any CPU.ActiveCfg = Release|Any CPU
		{1AA3F7EB-0FC5-446D-BEFD-B10FEB749754}.Release|Any CPU.Build.0 = Release|Any CPU
		{1AA3F7EB-0FC5-446D-BEFD-B10FEB749754}.Release|x64.ActiveCfg = Release|Any CPU
		{1AA3F7EB-0FC5-446D-BEFD-B10FEB749754}.Release|x64.Build.0 = Release|Any CPU
		{1AA3F7EB-0FC5-446D-BEFD-B10FEB749754}.Release|x86.ActiveCfg = Release|Any CPU
		{1AA3F7EB-0FC5-446D-BEFD-B10FEB749754}.Release|x86.Build.0 = Release|Any CPU
	EndGlobalSection
	GlobalSection(SolutionProperties) = preSolution
		HideSolutionNode = FALSE
	EndGlobalSection
	GlobalSection(NestedProjects) = preSolution
		{E710FFB6-BC9A-4B2F-8D89-B5360E5F85CA} = {946F2A30-C58D-4324-8917-3E241FEDCA6D}
		{1CBD2016-496B-416C-B133-FB93F4AFF560} = {946F2A30-C58D-4324-8917-3E241FEDCA6D}
		{D57B52B5-BFDA-41EF-83D9-A48882BF1505} = {1CBD2016-496B-416C-B133-FB93F4AFF560}
		{157DF37D-29CD-418E-97F3-8ECCA68260F1} = {1CBD2016-496B-416C-B133-FB93F4AFF560}
		{38D7A851-0FF1-4CF8-8389-51B9A05AFD21} = {1CBD2016-496B-416C-B133-FB93F4AFF560}
		{0E534E5A-9986-44B7-8F2E-A5C6AE149D33} = {E710FFB6-BC9A-4B2F-8D89-B5360E5F85CA}
		{1AA3F7EB-0FC5-446D-BEFD-B10FEB749754} = {1CBD2016-496B-416C-B133-FB93F4AFF560}
	EndGlobalSection
	GlobalSection(ExtensibilityGlobals) = postSolution
		SolutionGuid = {C4E619AB-1E42-45FE-B117-852B872E7834}
	EndGlobalSection
EndGlobal
